
Microsoft Visual Studio Solution File, Format Version 12.00
# Visual Studio Version 17
VisualStudioVersion = 17.0.31903.59
MinimumVisualStudioVersion = 10.0.40219.1
Project("{FAE04EC0-301F-11D3-BF4B-00C04F79EFBC}") = "AuthApi.Api", "AuthApi.Api\AuthApi.Api.csproj", "{7CDB4878-E771-4BBC-86B4-18086699949E}"
EndProject
Project("{FAE04EC0-301F-11D3-BF4B-00C04F79EFBC}") = "AuthApi.Domain", "AuthApi.Domain\AuthApi.Domain.csproj", "{F3F117A9-8394-4026-BAB5-C2895F311856}"
EndProject
Project("{FAE04EC0-301F-11D3-BF4B-00C04F79EFBC}") = "AuthApi.Infra", "AuthApi.Infra\AuthApi.Infra.csproj", "{5D1183D4-B785-43E8-9CA2-525A8455CE76}"
EndProject
Project("{FAE04EC0-301F-11D3-BF4B-00C04F79EFBC}") = "AuthApi.Application", "AuthApi.Application\AuthApi.Application.csproj", "{4BDF2E90-4AC5-4FBF-87BC-CC411696EC05}"
EndProject
Project("{FAE04EC0-301F-11D3-BF4B-00C04F79EFBC}") = "AuthApi.Communication", "AuthApi.Communication\AuthApi.Communication.csproj", "{24D8B179-6870-46FD-97E0-3EE761C6D56C}"
EndProject
Project("{FAE04EC0-301F-11D3-BF4B-00C04F79EFBC}") = "AuthApi.Validators", "AuthApi.Validators\AuthApi.Validators.csproj", "{3B7056BC-9CE3-47AF-8D15-568BF68D5AFB}"
EndProject
Global
	GlobalSection(SolutionConfigurationPlatforms) = preSolution
		Debug|Any CPU = Debug|Any CPU
		Release|Any CPU = Release|Any CPU
	EndGlobalSection
	GlobalSection(SolutionProperties) = preSolution
		HideSolutionNode = FALSE
	EndGlobalSection
	GlobalSection(ProjectConfigurationPlatforms) = postSolution
		{7CDB4878-E771-4BBC-86B4-18086699949E}.Debug|Any CPU.ActiveCfg = Debug|Any CPU
		{7CDB4878-E771-4BBC-86B4-18086699949E}.Debug|Any CPU.Build.0 = Debug|Any CPU
		{7CDB4878-E771-4BBC-86B4-18086699949E}.Release|Any CPU.ActiveCfg = Release|Any CPU
		{7CDB4878-E771-4BBC-86B4-18086699949E}.Release|Any CPU.Build.0 = Release|Any CPU
		{F3F117A9-8394-4026-BAB5-C2895F311856}.Debug|Any CPU.ActiveCfg = Debug|Any CPU
		{F3F117A9-8394-4026-BAB5-C2895F311856}.Debug|Any CPU.Build.0 = Debug|Any CPU
		{F3F117A9-8394-4026-BAB5-C2895F311856}.Release|Any CPU.ActiveCfg = Release|Any CPU
		{F3F117A9-8394-4026-BAB5-C2895F311856}.Release|Any CPU.Build.0 = Release|Any CPU
		{5D1183D4-B785-43E8-9CA2-525A8455CE76}.Debug|Any CPU.ActiveCfg = Debug|Any CPU
		{5D1183D4-B785-43E8-9CA2-525A8455CE76}.Debug|Any CPU.Build.0 = Debug|Any CPU
		{5D1183D4-B785-43E8-9CA2-525A8455CE76}.Release|Any CPU.ActiveCfg = Release|Any CPU
		{5D1183D4-B785-43E8-9CA2-525A8455CE76}.Release|Any CPU.Build.0 = Release|Any CPU
		{4BDF2E90-4AC5-4FBF-87BC-CC411696EC05}.Debug|Any CPU.ActiveCfg = Debug|Any CPU
		{4BDF2E90-4AC5-4FBF-87BC-CC411696EC05}.Debug|Any CPU.Build.0 = Debug|Any CPU
		{4BDF2E90-4AC5-4FBF-87BC-CC411696EC05}.Release|Any CPU.ActiveCfg = Release|Any CPU
		{4BDF2E90-4AC5-4FBF-87BC-CC411696EC05}.Release|Any CPU.Build.0 = Release|Any CPU
		{24D8B179-6870-46FD-97E0-3EE761C6D56C}.Debug|Any CPU.ActiveCfg = Debug|Any CPU
		{24D8B179-6870-46FD-97E0-3EE761C6D56C}.Debug|Any CPU.Build.0 = Debug|Any CPU
		{24D8B179-6870-46FD-97E0-3EE761C6D56C}.Release|Any CPU.ActiveCfg = Release|Any CPU
		{24D8B179-6870-46FD-97E0-3EE761C6D56C}.Release|Any CPU.Build.0 = Release|Any CPU
		{3B7056BC-9CE3-47AF-8D15-568BF68D5AFB}.Debug|Any CPU.ActiveCfg = Debug|Any CPU
		{3B7056BC-9CE3-47AF-8D15-568BF68D5AFB}.Debug|Any CPU.Build.0 = Debug|Any CPU
		{3B7056BC-9CE3-47AF-8D15-568BF68D5AFB}.Release|Any CPU.ActiveCfg = Release|Any CPU
		{3B7056BC-9CE3-47AF-8D15-568BF68D5AFB}.Release|Any CPU.Build.0 = Release|Any CPU
	EndGlobalSection
EndGlobal
